{"filter":false,"title":"Gemfile.lock","tooltip":"/Gemfile.lock","undoManager":{"mark":2,"position":2,"stack":[[{"start":{"row":58,"column":25},"end":{"row":58,"column":26},"action":"remove","lines":["4"],"id":2,"ignore":true},{"start":{"row":58,"column":25},"end":{"row":58,"column":26},"action":"insert","lines":["5"]},{"start":{"row":92,"column":14},"end":{"row":92,"column":15},"action":"remove","lines":["0"]},{"start":{"row":92,"column":14},"end":{"row":92,"column":15},"action":"insert","lines":["4"]},{"start":{"row":113,"column":21},"end":{"row":113,"column":22},"action":"remove","lines":["1"]},{"start":{"row":113,"column":21},"end":{"row":113,"column":22},"action":"insert","lines":["2"]},{"start":{"row":114,"column":19},"end":{"row":114,"column":20},"action":"remove","lines":["1"]},{"start":{"row":114,"column":19},"end":{"row":114,"column":20},"action":"insert","lines":["2"]},{"start":{"row":118,"column":16},"end":{"row":118,"column":17},"action":"remove","lines":["7"]},{"start":{"row":118,"column":16},"end":{"row":118,"column":17},"action":"insert","lines":["8"]},{"start":{"row":118,"column":19},"end":{"row":118,"column":21},"action":"remove","lines":[".1"]},{"start":{"row":119,"column":26},"end":{"row":119,"column":27},"action":"remove","lines":["1"]},{"start":{"row":119,"column":26},"end":{"row":119,"column":27},"action":"insert","lines":["2"]},{"start":{"row":122,"column":14},"end":{"row":122,"column":15},"action":"remove","lines":["5"]},{"start":{"row":122,"column":14},"end":{"row":122,"column":15},"action":"insert","lines":["8"]},{"start":{"row":170,"column":21},"end":{"row":170,"column":26},"action":"remove","lines":["3.2.0"]},{"start":{"row":170,"column":21},"end":{"row":170,"column":26},"action":"insert","lines":["2.3.3"]},{"start":{"row":171,"column":21},"end":{"row":171,"column":22},"action":"remove","lines":["4"]},{"start":{"row":171,"column":21},"end":{"row":171,"column":22},"action":"insert","lines":["3"]},{"start":{"row":172,"column":24},"end":{"row":172,"column":25},"action":"remove","lines":["4"]},{"start":{"row":172,"column":24},"end":{"row":172,"column":25},"action":"insert","lines":["3"]},{"start":{"row":173,"column":20},"end":{"row":173,"column":23},"action":"remove","lines":["3.0"]},{"start":{"row":173,"column":20},"end":{"row":173,"column":28},"action":"insert","lines":["2.8, < 4"]},{"start":{"row":176,"column":21},"end":{"row":176,"column":22},"action":"remove","lines":["5"]},{"start":{"row":176,"column":21},"end":{"row":176,"column":22},"action":"insert","lines":["6"]},{"start":{"row":195,"column":16},"end":{"row":195,"column":17},"action":"remove","lines":["2"]},{"start":{"row":195,"column":16},"end":{"row":195,"column":17},"action":"insert","lines":["3"]},{"start":{"row":226,"column":0},"end":{"row":227,"column":0},"action":"insert","lines":["  sprockets-rails (= 2.3.3)",""]}],[{"start":{"row":226,"column":0},"end":{"row":227,"column":0},"action":"remove","lines":["  sprockets-rails (= 2.3.3)",""],"id":3,"ignore":true}],[{"start":{"row":170,"column":21},"end":{"row":170,"column":26},"action":"remove","lines":["2.3.3"],"id":4,"ignore":true},{"start":{"row":170,"column":21},"end":{"row":170,"column":26},"action":"insert","lines":["3.2.0"]},{"start":{"row":171,"column":21},"end":{"row":171,"column":22},"action":"remove","lines":["3"]},{"start":{"row":171,"column":21},"end":{"row":171,"column":22},"action":"insert","lines":["4"]},{"start":{"row":172,"column":24},"end":{"row":172,"column":25},"action":"remove","lines":["3"]},{"start":{"row":172,"column":24},"end":{"row":172,"column":25},"action":"insert","lines":["4"]},{"start":{"row":173,"column":20},"end":{"row":173,"column":28},"action":"remove","lines":["2.8, < 4"]},{"start":{"row":173,"column":20},"end":{"row":173,"column":23},"action":"insert","lines":["3.0"]}]]},"ace":{"folds":[],"scrolltop":0,"scrollleft":0,"selection":{"start":{"row":0,"column":0},"end":{"row":0,"column":0},"isBackwards":false},"options":{"guessTabSize":true,"useWrapMode":false,"wrapToView":true},"firstLineState":0},"timestamp":1499220740099,"hash":"d353da155f97bff8a664c223ef45be5ac5c643c8"}